
Microsoft Visual Studio Solution File, Format Version 12.00
Project("{FAE04EC0-301F-11D3-BF4B-00C04F79EFBC}") = "WEB_253503_Kalabin.UI", "WEB_253503_Kalabin.UI\WEB_253503_Kalabin.UI.csproj", "{6B9F9A2C-8415-4905-9A32-7FBAF0A38064}"
EndProject
Project("{FAE04EC0-301F-11D3-BF4B-00C04F79EFBC}") = "WEB_253503_Kalabin.Domain", "WEB_253503_Kalabin.Domain\WEB_253503_Kalabin.Domain.csproj", "{68E9D07F-93DC-4730-A288-68515A92E033}"
EndProject
Project("{FAE04EC0-301F-11D3-BF4B-00C04F79EFBC}") = "WEB_253503_KALABIN.API", "WEB_253503_KALABIN.API\WEB_253503_KALABIN.API.csproj", "{ADF54CF6-9C39-47D8-A2FC-5A1928E13EF6}"
EndProject
Project("{2150E333-8FDC-42A3-9474-1A3956D46DE8}") = "Solution Items", "Solution Items", "{2F52208D-5C4B-4D99-A2B3-27D683E83E45}"
	ProjectSection(SolutionItems) = preProject
		docker-compose.yml = docker-compose.yml
	EndProjectSection
EndProject
Project("{FAE04EC0-301F-11D3-BF4B-00C04F79EFBC}") = "WEB_253503_Kalabin.Tests", "WEB_253503_Kalabin.Tests\WEB_253503_Kalabin.Tests.csproj", "{D037F5A8-ACEF-4AE6-B984-6624CF7E61B1}"
EndProject
Project("{FAE04EC0-301F-11D3-BF4B-00C04F79EFBC}") = "WEB_253503_Kalabin_Blazor.SSR", "WEB_253503_Kalabin_Blazor.SSR\WEB_253503_Kalabin_Blazor.SSR.csproj", "{3C248210-DBF4-42CE-B3EE-8603E67C5DD0}"
EndProject
Project("{FAE04EC0-301F-11D3-BF4B-00C04F79EFBC}") = "WEB_253503_Kalabin_Blazor.Wasm", "WEB_253503_Kalabin_Blazor.Wasm\WEB_253503_Kalabin_Blazor.Wasm.csproj", "{234AFED4-A155-441E-80B2-395B8E0FE3BE}"
EndProject
Global
	GlobalSection(SolutionConfigurationPlatforms) = preSolution
		Debug|Any CPU = Debug|Any CPU
		Release|Any CPU = Release|Any CPU
	EndGlobalSection
	GlobalSection(ProjectConfigurationPlatforms) = postSolution
		{6B9F9A2C-8415-4905-9A32-7FBAF0A38064}.Debug|Any CPU.ActiveCfg = Debug|Any CPU
		{6B9F9A2C-8415-4905-9A32-7FBAF0A38064}.Debug|Any CPU.Build.0 = Debug|Any CPU
		{6B9F9A2C-8415-4905-9A32-7FBAF0A38064}.Release|Any CPU.ActiveCfg = Release|Any CPU
		{6B9F9A2C-8415-4905-9A32-7FBAF0A38064}.Release|Any CPU.Build.0 = Release|Any CPU
		{68E9D07F-93DC-4730-A288-68515A92E033}.Debug|Any CPU.ActiveCfg = Debug|Any CPU
		{68E9D07F-93DC-4730-A288-68515A92E033}.Debug|Any CPU.Build.0 = Debug|Any CPU
		{68E9D07F-93DC-4730-A288-68515A92E033}.Release|Any CPU.ActiveCfg = Release|Any CPU
		{68E9D07F-93DC-4730-A288-68515A92E033}.Release|Any CPU.Build.0 = Release|Any CPU
		{ADF54CF6-9C39-47D8-A2FC-5A1928E13EF6}.Debug|Any CPU.ActiveCfg = Debug|Any CPU
		{ADF54CF6-9C39-47D8-A2FC-5A1928E13EF6}.Debug|Any CPU.Build.0 = Debug|Any CPU
		{ADF54CF6-9C39-47D8-A2FC-5A1928E13EF6}.Release|Any CPU.ActiveCfg = Release|Any CPU
		{ADF54CF6-9C39-47D8-A2FC-5A1928E13EF6}.Release|Any CPU.Build.0 = Release|Any CPU
		{D037F5A8-ACEF-4AE6-B984-6624CF7E61B1}.Debug|Any CPU.ActiveCfg = Debug|Any CPU
		{D037F5A8-ACEF-4AE6-B984-6624CF7E61B1}.Debug|Any CPU.Build.0 = Debug|Any CPU
		{D037F5A8-ACEF-4AE6-B984-6624CF7E61B1}.Release|Any CPU.ActiveCfg = Release|Any CPU
		{D037F5A8-ACEF-4AE6-B984-6624CF7E61B1}.Release|Any CPU.Build.0 = Release|Any CPU
		{3C248210-DBF4-42CE-B3EE-8603E67C5DD0}.Debug|Any CPU.ActiveCfg = Debug|Any CPU
		{3C248210-DBF4-42CE-B3EE-8603E67C5DD0}.Debug|Any CPU.Build.0 = Debug|Any CPU
		{3C248210-DBF4-42CE-B3EE-8603E67C5DD0}.Release|Any CPU.ActiveCfg = Release|Any CPU
		{3C248210-DBF4-42CE-B3EE-8603E67C5DD0}.Release|Any CPU.Build.0 = Release|Any CPU
		{234AFED4-A155-441E-80B2-395B8E0FE3BE}.Debug|Any CPU.ActiveCfg = Debug|Any CPU
		{234AFED4-A155-441E-80B2-395B8E0FE3BE}.Debug|Any CPU.Build.0 = Debug|Any CPU
		{234AFED4-A155-441E-80B2-395B8E0FE3BE}.Release|Any CPU.ActiveCfg = Release|Any CPU
		{234AFED4-A155-441E-80B2-395B8E0FE3BE}.Release|Any CPU.Build.0 = Release|Any CPU
	EndGlobalSection
EndGlobal
